
Microsoft Visual Studio Solution File, Format Version 12.00
# Visual Studio Version 17
VisualStudioVersion = 17.13.35806.99 d17.13
MinimumVisualStudioVersion = 10.0.40219.1
Project("{FAE04EC0-301F-11D3-BF4B-00C04F79EFBC}") = "RealEstate_Dapper_Api", "RealEstate_Dapper_Api\RealEstate_Dapper_Api.csproj", "{96A85829-D7F1-4E1F-A181-AE39D5691011}"
EndProject
Project("{FAE04EC0-301F-11D3-BF4B-00C04F79EFBC}") = "RealEstate_Dapper_UI", "RealEstate_Dapper_UI\RealEstate_Dapper_UI.csproj", "{F3E5512E-314F-4013-84C8-7F1C27CF1341}"
EndProject
Global
	GlobalSection(SolutionConfigurationPlatforms) = preSolution
		Debug|Any CPU = Debug|Any CPU
		Release|Any CPU = Release|Any CPU
	EndGlobalSection
	GlobalSection(ProjectConfigurationPlatforms) = postSolution
		{96A85829-D7F1-4E1F-A181-AE39D5691011}.Debug|Any CPU.ActiveCfg = Debug|Any CPU
		{96A85829-D7F1-4E1F-A181-AE39D5691011}.Debug|Any CPU.Build.0 = Debug|Any CPU
		{96A85829-D7F1-4E1F-A181-AE39D5691011}.Release|Any CPU.ActiveCfg = Release|Any CPU
		{96A85829-D7F1-4E1F-A181-AE39D5691011}.Release|Any CPU.Build.0 = Release|Any CPU
		{F3E5512E-314F-4013-84C8-7F1C27CF1341}.Debug|Any CPU.ActiveCfg = Debug|Any CPU
		{F3E5512E-314F-4013-84C8-7F1C27CF1341}.Debug|Any CPU.Build.0 = Debug|Any CPU
		{F3E5512E-314F-4013-84C8-7F1C27CF1341}.Release|Any CPU.ActiveCfg = Release|Any CPU
		{F3E5512E-314F-4013-84C8-7F1C27CF1341}.Release|Any CPU.Build.0 = Release|Any CPU
	EndGlobalSection
	GlobalSection(SolutionProperties) = preSolution
		HideSolutionNode = FALSE
	EndGlobalSection
	GlobalSection(ExtensibilityGlobals) = postSolution
		SolutionGuid = {B268B101-42F3-4389-84C4-444BE884516D}
	EndGlobalSection
EndGlobal
